
Microsoft Visual Studio Solution File, Format Version 12.00
# Visual Studio Version 17
VisualStudioVersion = 17.6.33801.468
MinimumVisualStudioVersion = 10.0.40219.1
Project("{FAE04EC0-301F-11D3-BF4B-00C04F79EFBC}") = "GuildSimulator", "GuildSimulator.csproj", "{DCA57B58-1551-4A54-A144-DBE0774D11EC}"
EndProject
Global
	GlobalSection(SolutionConfigurationPlatforms) = preSolution
		Debug|Any CPU = Debug|Any CPU
		Release|Any CPU = Release|Any CPU
	EndGlobalSection
	GlobalSection(ProjectConfigurationPlatforms) = postSolution
		{DCA57B58-1551-4A54-A144-DBE0774D11EC}.Debug|Any CPU.ActiveCfg = Debug|Any CPU
		{DCA57B58-1551-4A54-A144-DBE0774D11EC}.Debug|Any CPU.Build.0 = Debug|Any CPU
		{DCA57B58-1551-4A54-A144-DBE0774D11EC}.Release|Any CPU.ActiveCfg = Release|Any CPU
		{DCA57B58-1551-4A54-A144-DBE0774D11EC}.Release|Any CPU.Build.0 = Release|Any CPU
	EndGlobalSection
	GlobalSection(SolutionProperties) = preSolution
		HideSolutionNode = FALSE
	EndGlobalSection
	GlobalSection(ExtensibilityGlobals) = postSolution
		SolutionGuid = {17EE33D4-075F-4603-960F-D9985BDF9085}
	EndGlobalSection
EndGlobal
